
Microsoft Visual Studio Solution File, Format Version 12.00
# Visual Studio Version 17
VisualStudioVersion = 17.9.34728.123
MinimumVisualStudioVersion = 10.0.40219.1
Project("{9A19103F-16F7-4668-BE54-9A1E7A4F7556}") = "Triangulation", "Triangulation.csproj", "{C983BFB6-6BA4-41B3-A706-9EFA2A3FDF7D}"
EndProject
Global
	GlobalSection(SolutionConfigurationPlatforms) = preSolution
		Debug|Any CPU = Debug|Any CPU
		Release|Any CPU = Release|Any CPU
	EndGlobalSection
	GlobalSection(ProjectConfigurationPlatforms) = postSolution
		{C983BFB6-6BA4-41B3-A706-9EFA2A3FDF7D}.Debug|Any CPU.ActiveCfg = Debug|Any CPU
		{C983BFB6-6BA4-41B3-A706-9EFA2A3FDF7D}.Debug|Any CPU.Build.0 = Debug|Any CPU
		{C983BFB6-6BA4-41B3-A706-9EFA2A3FDF7D}.Release|Any CPU.ActiveCfg = Release|Any CPU
		{C983BFB6-6BA4-41B3-A706-9EFA2A3FDF7D}.Release|Any CPU.Build.0 = Release|Any CPU
	EndGlobalSection
	GlobalSection(SolutionProperties) = preSolution
		HideSolutionNode = FALSE
	EndGlobalSection
	GlobalSection(ExtensibilityGlobals) = postSolution
		SolutionGuid = {3E8820CE-5432-49B7-87FD-537E695991F8}
	EndGlobalSection
EndGlobal
